
Microsoft Visual Studio Solution File, Format Version 12.00
# Visual Studio Version 17
VisualStudioVersion = 17.5.33414.496
MinimumVisualStudioVersion = 10.0.40219.1
Project("{FAE04EC0-301F-11D3-BF4B-00C04F79EFBC}") = "cf", "cf\cf.csproj", "{8C97F3D9-266E-4E68-88F7-419CB7DF722A}"
EndProject
Global
	GlobalSection(SolutionConfigurationPlatforms) = preSolution
		Debug|Any CPU = Debug|Any CPU
		Release|Any CPU = Release|Any CPU
	EndGlobalSection
	GlobalSection(ProjectConfigurationPlatforms) = postSolution
		{8C97F3D9-266E-4E68-88F7-419CB7DF722A}.Debug|Any CPU.ActiveCfg = Debug|Any CPU
		{8C97F3D9-266E-4E68-88F7-419CB7DF722A}.Debug|Any CPU.Build.0 = Debug|Any CPU
		{8C97F3D9-266E-4E68-88F7-419CB7DF722A}.Release|Any CPU.ActiveCfg = Release|Any CPU
		{8C97F3D9-266E-4E68-88F7-419CB7DF722A}.Release|Any CPU.Build.0 = Release|Any CPU
	EndGlobalSection
	GlobalSection(SolutionProperties) = preSolution
		HideSolutionNode = FALSE
	EndGlobalSection
	GlobalSection(ExtensibilityGlobals) = postSolution
		SolutionGuid = {C43ED566-7ACC-463A-B993-2B0E038BA362}
	EndGlobalSection
EndGlobal
